
Microsoft Visual Studio Solution File, Format Version 12.00
# Visual Studio Version 16
VisualStudioVersion = 16.0.31019.35
MinimumVisualStudioVersion = 10.0.40219.1
Project("{FAE04EC0-301F-11D3-BF4B-00C04F79EFBC}") = "LINQ Tutorial-TA", "LINQ Tutorial-TA\LINQ Tutorial-TA.csproj", "{96DE3768-1C7E-43B1-9E7E-01D212B44A91}"
EndProject
Global
	GlobalSection(SolutionConfigurationPlatforms) = preSolution
		Debug|Any CPU = Debug|Any CPU
		Release|Any CPU = Release|Any CPU
	EndGlobalSection
	GlobalSection(ProjectConfigurationPlatforms) = postSolution
		{96DE3768-1C7E-43B1-9E7E-01D212B44A91}.Debug|Any CPU.ActiveCfg = Debug|Any CPU
		{96DE3768-1C7E-43B1-9E7E-01D212B44A91}.Debug|Any CPU.Build.0 = Debug|Any CPU
		{96DE3768-1C7E-43B1-9E7E-01D212B44A91}.Release|Any CPU.ActiveCfg = Release|Any CPU
		{96DE3768-1C7E-43B1-9E7E-01D212B44A91}.Release|Any CPU.Build.0 = Release|Any CPU
	EndGlobalSection
	GlobalSection(SolutionProperties) = preSolution
		HideSolutionNode = FALSE
	EndGlobalSection
	GlobalSection(ExtensibilityGlobals) = postSolution
		SolutionGuid = {2EEF35CA-28F6-43C9-A326-51E41D69D108}
	EndGlobalSection
EndGlobal
